{
  "nodes": {
    "caisson": {
      "locked": {
        "lastModified": 1789793075,
        "narHash": "sha256-Rmj6dCnF2a4xEjmtlS45CwDHqtl+/dRNdFfJ3BBMHio=",
        "owner": "nix-caisson",
        "repo": "caisson",
        "rev": "cf3ad0a2f8043db60c91d6829e7ff859cd2e545e",
        "type": "github"
      },
      "original": {
        "owner": "nix-caisson",
        "repo": "caisson",
        "type": "github"
      }
    },
    "nixpkgs": {
      "locked": {
        "lastModified": 1789344334,
        "narHash": "sha256-vdhpDJ3Lr24lkZ+fDCjmBRRtw9/vcSzkqGJOJyF5h2U=",
        "owner": "NixOS",
        "repo": "nixpkgs",
        "rev": "c3eea5b2156db11c7eeeada3dc737711255b253e",
        "type": "github"
      },
      "original": {
        "owner": "NixOS",
        "ref": "nixos-26.05",
        "repo": "nixpkgs",
        "type": "github"
      }
    },
    "root": {
      "inputs": {
        "caisson": "caisson",
        "nixpkgs": "nixpkgs"
      }
    }
  },
  "root": "root",
  "version": 7
}
