{
  "nodes": {
    "ch-flake": {
      "inputs": {
        "flake-parts": "flake-parts",
        "nixpkgs-lib": "nixpkgs-lib"
      },
      "locked": {
        "lastModified": 1786350700,
        "narHash": "sha256-TqQ9X4RwhC19cD90uyMuPdzRvw6QQ/MY+xBd/LpBecM=",
        "owner": "clhodapp",
        "repo": "ch-flake",
        "rev": "879542f0f94c111ed739386bc74a774ef31e5b43",
        "type": "github"
      },
      "original": {
        "owner": "clhodapp",
        "repo": "ch-flake",
        "type": "github"
      }
    },
    "ch-flake_2": {
      "inputs": {
        "flake-parts": "flake-parts_2",
        "nixpkgs-lib": "nixpkgs-lib_2"
      },
      "locked": {
        "lastModified": 1786350700,
        "narHash": "sha256-TqQ9X4RwhC19cD90uyMuPdzRvw6QQ/MY+xBd/LpBecM=",
        "owner": "clhodapp",
        "repo": "ch-flake",
        "rev": "879542f0f94c111ed739386bc74a774ef31e5b43",
        "type": "github"
      },
      "original": {
        "owner": "clhodapp",
        "repo": "ch-flake",
        "type": "github"
      }
    },
    "ch-nixpkgs": {
      "inputs": {
        "ch-flake": "ch-flake_2",
        "flake-parts": [
          "ch-nixpkgs",
          "ch-flake",
          "flake-parts"
        ]
      },
      "locked": {
        "lastModified": 1786351197,
        "narHash": "sha256-Y8545EUX/0jf0Tfrj637FAObfMIsImWJNySWq/VeRSM=",
        "owner": "clhodapp",
        "repo": "ch-nixpkgs",
        "rev": "93ef65c867841284b7db8116177d85fb5825dc40",
        "type": "github"
      },
      "original": {
        "owner": "clhodapp",
        "repo": "ch-nixpkgs",
        "type": "github"
      }
    },
    "flake-parts": {
      "inputs": {
        "nixpkgs-lib": [
          "ch-flake",
          "nixpkgs-lib"
        ]
      },
      "locked": {
        "lastModified": 1785627969,
        "narHash": "sha256-4dtXQk/NMePegK/nWp5NSeuZKLATItOq61lpEvmXqGw=",
        "owner": "hercules-ci",
        "repo": "flake-parts",
        "rev": "427bf4bd9435fdf21321c8cc628c24efc14c0f7a",
        "type": "github"
      },
      "original": {
        "owner": "hercules-ci",
        "repo": "flake-parts",
        "type": "github"
      }
    },
    "flake-parts_2": {
      "inputs": {
        "nixpkgs-lib": [
          "ch-nixpkgs",
          "ch-flake",
          "nixpkgs-lib"
        ]
      },
      "locked": {
        "lastModified": 1785627969,
        "narHash": "sha256-4dtXQk/NMePegK/nWp5NSeuZKLATItOq61lpEvmXqGw=",
        "owner": "hercules-ci",
        "repo": "flake-parts",
        "rev": "427bf4bd9435fdf21321c8cc628c24efc14c0f7a",
        "type": "github"
      },
      "original": {
        "owner": "hercules-ci",
        "repo": "flake-parts",
        "type": "github"
      }
    },
    "nixpkgs": {
      "locked": {
        "lastModified": 1786313170,
        "narHash": "sha256-9BG7OgUWdu0ONDO5X2q6+K4bsuBITkX/3W4nNJu1Ito=",
        "owner": "NixOS",
        "repo": "nixpkgs",
        "rev": "fcb8fcd6bf2d0adecae5bd491afaaaf8311b758d",
        "type": "github"
      },
      "original": {
        "owner": "NixOS",
        "ref": "nixos-26.05",
        "repo": "nixpkgs",
        "type": "github"
      }
    },
    "nixpkgs-lib": {
      "locked": {
        "dir": "lib",
        "lastModified": 1786106723,
        "narHash": "sha256-zDSUbpoeo/9ZmD2+wXnzxoo1+uhL8vxc0b8yuYMKYq0=",
        "owner": "NixOS",
        "repo": "nixpkgs",
        "rev": "f13ff45afd1bb73e640eaa08a7066dbed07e3238",
        "type": "github"
      },
      "original": {
        "dir": "lib",
        "owner": "NixOS",
        "ref": "nixos-unstable",
        "repo": "nixpkgs",
        "type": "github"
      }
    },
    "nixpkgs-lib_2": {
      "locked": {
        "dir": "lib",
        "lastModified": 1786106723,
        "narHash": "sha256-zDSUbpoeo/9ZmD2+wXnzxoo1+uhL8vxc0b8yuYMKYq0=",
        "owner": "NixOS",
        "repo": "nixpkgs",
        "rev": "f13ff45afd1bb73e640eaa08a7066dbed07e3238",
        "type": "github"
      },
      "original": {
        "dir": "lib",
        "owner": "NixOS",
        "ref": "nixos-unstable",
        "repo": "nixpkgs",
        "type": "github"
      }
    },
    "root": {
      "inputs": {
        "ch-flake": "ch-flake",
        "ch-nixpkgs": "ch-nixpkgs",
        "flake-parts": [
          "ch-flake",
          "flake-parts"
        ],
        "nixpkgs": "nixpkgs"
      }
    }
  },
  "root": "root",
  "version": 7
}
